
Microsoft Visual Studio Solution File, Format Version 12.00
# Visual Studio Version 17
VisualStudioVersion = 17.10.35201.131
MinimumVisualStudioVersion = 10.0.40219.1
Project("{FAE04EC0-301F-11D3-BF4B-00C04F79EFBC}") = "AnimeProject", "AnimeProject.csproj", "{01371C23-22CB-4E31-A2FE-63C8A8CBD545}"
EndProject
Project("{FAE04EC0-301F-11D3-BF4B-00C04F79EFBC}") = "AnimeProject.Domain", "..\AP\AnimeProject.Domain\AnimeProject.Domain.csproj", "{DAF3FC14-FA2E-4EB9-BBD2-E663927CF187}"
EndProject
Project("{FAE04EC0-301F-11D3-BF4B-00C04F79EFBC}") = "AnimeProject.Application", "..\AP\AnimeProject.Application\AnimeProject.Application.csproj", "{65B9ACBE-370B-4843-8A5E-7FB41643564A}"
EndProject
Project("{FAE04EC0-301F-11D3-BF4B-00C04F79EFBC}") = "AnimeProject.Infrastructure", "..\AP\AnimeProject.Infrastructure\AnimeProject.Infrastructure.csproj", "{21D83F97-F79F-4AD4-AC05-F9928BC6D3A6}"
EndProject
Project("{FAE04EC0-301F-11D3-BF4B-00C04F79EFBC}") = "AnimeProject.Jobs", "..\AP\AnimeProject.Jobs\AnimeProject.Jobs.csproj", "{32A46B3E-5FD7-4681-A687-CEA4EA999067}"
EndProject
Global
	GlobalSection(SolutionConfigurationPlatforms) = preSolution
		Debug|Any CPU = Debug|Any CPU
		Release|Any CPU = Release|Any CPU
	EndGlobalSection
	GlobalSection(ProjectConfigurationPlatforms) = postSolution
		{01371C23-22CB-4E31-A2FE-63C8A8CBD545}.Debug|Any CPU.ActiveCfg = Debug|Any CPU
		{01371C23-22CB-4E31-A2FE-63C8A8CBD545}.Debug|Any CPU.Build.0 = Debug|Any CPU
		{01371C23-22CB-4E31-A2FE-63C8A8CBD545}.Release|Any CPU.ActiveCfg = Release|Any CPU
		{01371C23-22CB-4E31-A2FE-63C8A8CBD545}.Release|Any CPU.Build.0 = Release|Any CPU
		{DAF3FC14-FA2E-4EB9-BBD2-E663927CF187}.Debug|Any CPU.ActiveCfg = Debug|Any CPU
		{DAF3FC14-FA2E-4EB9-BBD2-E663927CF187}.Debug|Any CPU.Build.0 = Debug|Any CPU
		{DAF3FC14-FA2E-4EB9-BBD2-E663927CF187}.Release|Any CPU.ActiveCfg = Release|Any CPU
		{DAF3FC14-FA2E-4EB9-BBD2-E663927CF187}.Release|Any CPU.Build.0 = Release|Any CPU
		{65B9ACBE-370B-4843-8A5E-7FB41643564A}.Debug|Any CPU.ActiveCfg = Debug|Any CPU
		{65B9ACBE-370B-4843-8A5E-7FB41643564A}.Debug|Any CPU.Build.0 = Debug|Any CPU
		{65B9ACBE-370B-4843-8A5E-7FB41643564A}.Release|Any CPU.ActiveCfg = Release|Any CPU
		{65B9ACBE-370B-4843-8A5E-7FB41643564A}.Release|Any CPU.Build.0 = Release|Any CPU
		{21D83F97-F79F-4AD4-AC05-F9928BC6D3A6}.Debug|Any CPU.ActiveCfg = Debug|Any CPU
		{21D83F97-F79F-4AD4-AC05-F9928BC6D3A6}.Debug|Any CPU.Build.0 = Debug|Any CPU
		{21D83F97-F79F-4AD4-AC05-F9928BC6D3A6}.Release|Any CPU.ActiveCfg = Release|Any CPU
		{21D83F97-F79F-4AD4-AC05-F9928BC6D3A6}.Release|Any CPU.Build.0 = Release|Any CPU
		{32A46B3E-5FD7-4681-A687-CEA4EA999067}.Debug|Any CPU.ActiveCfg = Debug|Any CPU
		{32A46B3E-5FD7-4681-A687-CEA4EA999067}.Debug|Any CPU.Build.0 = Debug|Any CPU
		{32A46B3E-5FD7-4681-A687-CEA4EA999067}.Release|Any CPU.ActiveCfg = Release|Any CPU
		{32A46B3E-5FD7-4681-A687-CEA4EA999067}.Release|Any CPU.Build.0 = Release|Any CPU
	EndGlobalSection
	GlobalSection(SolutionProperties) = preSolution
		HideSolutionNode = FALSE
	EndGlobalSection
	GlobalSection(ExtensibilityGlobals) = postSolution
		SolutionGuid = {DACF9A96-7158-4CDE-8850-4384C11CBA19}
	EndGlobalSection
EndGlobal
